// !$*UTF8*$!
{
	archiveVersion = 1;
	classes = {
	};
	objectVersion = 56;
	objects = {

/* Begin PBXBuildFile section */
		CB87BCBB290E61C500485216 /* ImageLiteral.swift in Sources */ = {isa = PBXBuildFile; fileRef = CB87BCBA290E61C500485216 /* ImageLiteral.swift */; };
		CB87BCBD290E61E000485216 /* BaseViewController.swift in Sources */ = {isa = PBXBuildFile; fileRef = CB87BCBC290E61E000485216 /* BaseViewController.swift */; };
		CB87BCBF290E61F000485216 /* BaseCollectionViewCell.swift in Sources */ = {isa = PBXBuildFile; fileRef = CB87BCBE290E61F000485216 /* BaseCollectionViewCell.swift */; };
		CB87BCC1290E61FF00485216 /* BaseTableViewCell.swift in Sources */ = {isa = PBXBuildFile; fileRef = CB87BCC0290E61FF00485216 /* BaseTableViewCell.swift */; };
		CB87BCC3290E629C00485216 /* NSObject+Extension.swift in Sources */ = {isa = PBXBuildFile; fileRef = CB87BCC2290E629C00485216 /* NSObject+Extension.swift */; };
		CB87BCC5290E62AE00485216 /* UITableView+Extension.swift in Sources */ = {isa = PBXBuildFile; fileRef = CB87BCC4290E62AE00485216 /* UITableView+Extension.swift */; };
		CB87BCC7290E62C100485216 /* UIViewController+Extension.swift in Sources */ = {isa = PBXBuildFile; fileRef = CB87BCC6290E62C100485216 /* UIViewController+Extension.swift */; };
		CB87BCC9290E635300485216 /* UILabel+Extension.swift in Sources */ = {isa = PBXBuildFile; fileRef = CB87BCC8290E635300485216 /* UILabel+Extension.swift */; };
		CB87BCCB290E638800485216 /* BackButton.swift in Sources */ = {isa = PBXBuildFile; fileRef = CB87BCCA290E638800485216 /* BackButton.swift */; };
		CB87BCCE290E63A200485216 /* Logger.swift in Sources */ = {isa = PBXBuildFile; fileRef = CB87BCCD290E63A200485216 /* Logger.swift */; };
		CB87BCD0290E63B200485216 /* PushNotificationSender.swift in Sources */ = {isa = PBXBuildFile; fileRef = CB87BCCF290E63B200485216 /* PushNotificationSender.swift */; };
		CB87BCD3290E640D00485216 /* SignUpViewController.swift in Sources */ = {isa = PBXBuildFile; fileRef = CB87BCD2290E640D00485216 /* SignUpViewController.swift */; };
		CB87BCD5290E646D00485216 /* FirebaseManager.swift in Sources */ = {isa = PBXBuildFile; fileRef = CB87BCD4290E646D00485216 /* FirebaseManager.swift */; };
		CB87BCD7290E649100485216 /* User.swift in Sources */ = {isa = PBXBuildFile; fileRef = CB87BCD6290E649100485216 /* User.swift */; };
		CB87BCD9290E685400485216 /* FirebaseFirestoreSwift in Frameworks */ = {isa = PBXBuildFile; productRef = CB87BCD8290E685400485216 /* FirebaseFirestoreSwift */; };
		CBABD0F7290D8847000FB02A /* AppDelegate.swift in Sources */ = {isa = PBXBuildFile; fileRef = CBABD0F6290D8847000FB02A /* AppDelegate.swift */; };
		CBABD0F9290D8847000FB02A /* SceneDelegate.swift in Sources */ = {isa = PBXBuildFile; fileRef = CBABD0F8290D8847000FB02A /* SceneDelegate.swift */; };
		CBABD0FB290D8847000FB02A /* ChatViewController.swift in Sources */ = {isa = PBXBuildFile; fileRef = CBABD0FA290D8847000FB02A /* ChatViewController.swift */; };
		CBABD100290D8849000FB02A /* Assets.xcassets in Resources */ = {isa = PBXBuildFile; fileRef = CBABD0FF290D8849000FB02A /* Assets.xcassets */; };
		CBABD103290D8849000FB02A /* LaunchScreen.storyboard in Resources */ = {isa = PBXBuildFile; fileRef = CBABD101290D8849000FB02A /* LaunchScreen.storyboard */; };
		CBABD10C290D88B4000FB02A /* MessageKit in Frameworks */ = {isa = PBXBuildFile; productRef = CBABD10B290D88B4000FB02A /* MessageKit */; };
		CBABD10F290D8926000FB02A /* FirebaseAuth in Frameworks */ = {isa = PBXBuildFile; productRef = CBABD10E290D8926000FB02A /* FirebaseAuth */; };
		CBABD111290D8926000FB02A /* FirebaseFirestore in Frameworks */ = {isa = PBXBuildFile; productRef = CBABD110290D8926000FB02A /* FirebaseFirestore */; };
		CBABD113290D8926000FB02A /* FirebaseStorage in Frameworks */ = {isa = PBXBuildFile; productRef = CBABD112290D8926000FB02A /* FirebaseStorage */; };
		CBABD11C290D8A8F000FB02A /* AppController.swift in Sources */ = {isa = PBXBuildFile; fileRef = CBABD11B290D8A8F000FB02A /* AppController.swift */; };
		CBABD11E290D8AA8000FB02A /* AppSettings.swift in Sources */ = {isa = PBXBuildFile; fileRef = CBABD11D290D8AA8000FB02A /* AppSettings.swift */; };
		CBABD122290D8AE9000FB02A /* UICollectionView+Extension.swift in Sources */ = {isa = PBXBuildFile; fileRef = CBABD121290D8AE9000FB02A /* UICollectionView+Extension.swift */; };
		CBABD124290D8B16000FB02A /* UIColor+Extension.swift in Sources */ = {isa = PBXBuildFile; fileRef = CBABD123290D8B16000FB02A /* UIColor+Extension.swift */; };
		CBABD126290D8B42000FB02A /* UIImage+Extension.swift in Sources */ = {isa = PBXBuildFile; fileRef = CBABD125290D8B42000FB02A /* UIImage+Extension.swift */; };
		CBABD128290D8B52000FB02A /* UIView+Extension.swift in Sources */ = {isa = PBXBuildFile; fileRef = CBABD127290D8B52000FB02A /* UIView+Extension.swift */; };
		CBABD12B290D8B9F000FB02A /* LogInViewController.swift in Sources */ = {isa = PBXBuildFile; fileRef = CBABD12A290D8B9F000FB02A /* LogInViewController.swift */; };
		CBABD12D290D8BAF000FB02A /* ChannelsViewController.swift in Sources */ = {isa = PBXBuildFile; fileRef = CBABD12C290D8BAF000FB02A /* ChannelsViewController.swift */; };
		CBABD133290D8DD1000FB02A /* SnapKit in Frameworks */ = {isa = PBXBuildFile; productRef = CBABD132290D8DD1000FB02A /* SnapKit */; };
		CBABD136290D8EDF000FB02A /* Then in Frameworks */ = {isa = PBXBuildFile; productRef = CBABD135290D8EDF000FB02A /* Then */; };
		CBB744E9290D9354007ACB63 /* GoogleService-Info.plist in Resources */ = {isa = PBXBuildFile; fileRef = CBB744E8290D9353007ACB63 /* GoogleService-Info.plist */; };
		CBB744EB290DA3DA007ACB63 /* Channel.swift in Sources */ = {isa = PBXBuildFile; fileRef = CBB744EA290DA3DA007ACB63 /* Channel.swift */; };
		CBB744ED290DA3F8007ACB63 /* Message.swift in Sources */ = {isa = PBXBuildFile; fileRef = CBB744EC290DA3F8007ACB63 /* Message.swift */; };
		CBB744EF290DA412007ACB63 /* Sender.swift in Sources */ = {isa = PBXBuildFile; fileRef = CBB744EE290DA412007ACB63 /* Sender.swift */; };
		CBB744F4290DA4AE007ACB63 /* ImageMediaItem.swift in Sources */ = {isa = PBXBuildFile; fileRef = CBB744F3290DA4AE007ACB63 /* ImageMediaItem.swift */; };
		CBB744F6290DA4C3007ACB63 /* DatabaseRepresentation.swift in Sources */ = {isa = PBXBuildFile; fileRef = CBB744F5290DA4C3007ACB63 /* DatabaseRepresentation.swift */; };
		CBBB2062290E6E13004128BE /* ChannelTableViewCell.swift in Sources */ = {isa = PBXBuildFile; fileRef = CBBB2061290E6E13004128BE /* ChannelTableViewCell.swift */; };
/* End PBXBuildFile section */

/* Begin PBXFileReference section */
		CB87BCBA290E61C500485216 /* ImageLiteral.swift */ = {isa = PBXFileReference; lastKnownFileType = sourcecode.swift; path = ImageLiteral.swift; sourceTree = "<group>"; };
		CB87BCBC290E61E000485216 /* BaseViewController.swift */ = {isa = PBXFileReference; lastKnownFileType = sourcecode.swift; path = BaseViewController.swift; sourceTree = "<group>"; };
		CB87BCBE290E61F000485216 /* BaseCollectionViewCell.swift */ = {isa = PBXFileReference; lastKnownFileType = sourcecode.swift; path = BaseCollectionViewCell.swift; sourceTree = "<group>"; };
		CB87BCC0290E61FF00485216 /* BaseTableViewCell.swift */ = {isa = PBXFileReference; lastKnownFileType = sourcecode.swift; path = BaseTableViewCell.swift; sourceTree = "<group>"; };
		CB87BCC2290E629C00485216 /* NSObject+Extension.swift */ = {isa = PBXFileReference; lastKnownFileType = sourcecode.swift; path = "NSObject+Extension.swift"; sourceTree = "<group>"; };
		CB87BCC4290E62AE00485216 /* UITableView+Extension.swift */ = {isa = PBXFileReference; lastKnownFileType = sourcecode.swift; path = "UITableView+Extension.swift"; sourceTree = "<group>"; };
		CB87BCC6290E62C100485216 /* UIViewController+Extension.swift */ = {isa = PBXFileReference; lastKnownFileType = sourcecode.swift; path = "UIViewController+Extension.swift"; sourceTree = "<group>"; };
		CB87BCC8290E635300485216 /* UILabel+Extension.swift */ = {isa = PBXFileReference; lastKnownFileType = sourcecode.swift; path = "UILabel+Extension.swift"; sourceTree = "<group>"; };
		CB87BCCA290E638800485216 /* BackButton.swift */ = {isa = PBXFileReference; lastKnownFileType = sourcecode.swift; path = BackButton.swift; sourceTree = "<group>"; };
		CB87BCCD290E63A200485216 /* Logger.swift */ = {isa = PBXFileReference; lastKnownFileType = sourcecode.swift; path = Logger.swift; sourceTree = "<group>"; };
		CB87BCCF290E63B200485216 /* PushNotificationSender.swift */ = {isa = PBXFileReference; lastKnownFileType = sourcecode.swift; path = PushNotificationSender.swift; sourceTree = "<group>"; };
		CB87BCD2290E640D00485216 /* SignUpViewController.swift */ = {isa = PBXFileReference; lastKnownFileType = sourcecode.swift; path = SignUpViewController.swift; sourceTree = "<group>"; };
		CB87BCD4290E646D00485216 /* FirebaseManager.swift */ = {isa = PBXFileReference; lastKnownFileType = sourcecode.swift; path = FirebaseManager.swift; sourceTree = "<group>"; };
		CB87BCD6290E649100485216 /* User.swift */ = {isa = PBXFileReference; lastKnownFileType = sourcecode.swift; path = User.swift; sourceTree = "<group>"; };
		CBABD0F3290D8847000FB02A /* CobyTalk.app */ = {isa = PBXFileReference; explicitFileType = wrapper.application; includeInIndex = 0; path = CobyTalk.app; sourceTree = BUILT_PRODUCTS_DIR; };
		CBABD0F6290D8847000FB02A /* AppDelegate.swift */ = {isa = PBXFileReference; lastKnownFileType = sourcecode.swift; path = AppDelegate.swift; sourceTree = "<group>"; };
		CBABD0F8290D8847000FB02A /* SceneDelegate.swift */ = {isa = PBXFileReference; lastKnownFileType = sourcecode.swift; path = SceneDelegate.swift; sourceTree = "<group>"; };
		CBABD0FA290D8847000FB02A /* ChatViewController.swift */ = {isa = PBXFileReference; lastKnownFileType = sourcecode.swift; path = ChatViewController.swift; sourceTree = "<group>"; };
		CBABD0FF290D8849000FB02A /* Assets.xcassets */ = {isa = PBXFileReference; lastKnownFileType = folder.assetcatalog; path = Assets.xcassets; sourceTree = "<group>"; };
		CBABD102290D8849000FB02A /* Base */ = {isa = PBXFileReference; lastKnownFileType = file.storyboard; name = Base; path = Base.lproj/LaunchScreen.storyboard; sourceTree = "<group>"; };
		CBABD104290D8849000FB02A /* Info.plist */ = {isa = PBXFileReference; lastKnownFileType = text.plist.xml; path = Info.plist; sourceTree = "<group>"; };
		CBABD11B290D8A8F000FB02A /* AppController.swift */ = {isa = PBXFileReference; lastKnownFileType = sourcecode.swift; path = AppController.swift; sourceTree = "<group>"; };
		CBABD11D290D8AA8000FB02A /* AppSettings.swift */ = {isa = PBXFileReference; lastKnownFileType = sourcecode.swift; path = AppSettings.swift; sourceTree = "<group>"; };
		CBABD121290D8AE9000FB02A /* UICollectionView+Extension.swift */ = {isa = PBXFileReference; lastKnownFileType = sourcecode.swift; path = "UICollectionView+Extension.swift"; sourceTree = "<group>"; };
		CBABD123290D8B16000FB02A /* UIColor+Extension.swift */ = {isa = PBXFileReference; lastKnownFileType = sourcecode.swift; path = "UIColor+Extension.swift"; sourceTree = "<group>"; };
		CBABD125290D8B42000FB02A /* UIImage+Extension.swift */ = {isa = PBXFileReference; lastKnownFileType = sourcecode.swift; path = "UIImage+Extension.swift"; sourceTree = "<group>"; };
		CBABD127290D8B52000FB02A /* UIView+Extension.swift */ = {isa = PBXFileReference; lastKnownFileType = sourcecode.swift; path = "UIView+Extension.swift"; sourceTree = "<group>"; };
		CBABD12A290D8B9F000FB02A /* LogInViewController.swift */ = {isa = PBXFileReference; lastKnownFileType = sourcecode.swift; path = LogInViewController.swift; sourceTree = "<group>"; };
		CBABD12C290D8BAF000FB02A /* ChannelsViewController.swift */ = {isa = PBXFileReference; lastKnownFileType = sourcecode.swift; path = ChannelsViewController.swift; sourceTree = "<group>"; };
		CBB744E8290D9353007ACB63 /* GoogleService-Info.plist */ = {isa = PBXFileReference; fileEncoding = 4; lastKnownFileType = text.plist.xml; path = "GoogleService-Info.plist"; sourceTree = "<group>"; };
		CBB744EA290DA3DA007ACB63 /* Channel.swift */ = {isa = PBXFileReference; lastKnownFileType = sourcecode.swift; path = Channel.swift; sourceTree = "<group>"; };
		CBB744EC290DA3F8007ACB63 /* Message.swift */ = {isa = PBXFileReference; lastKnownFileType = sourcecode.swift; path = Message.swift; sourceTree = "<group>"; };
		CBB744EE290DA412007ACB63 /* Sender.swift */ = {isa = PBXFileReference; lastKnownFileType = sourcecode.swift; path = Sender.swift; sourceTree = "<group>"; };
		CBB744F3290DA4AE007ACB63 /* ImageMediaItem.swift */ = {isa = PBXFileReference; lastKnownFileType = sourcecode.swift; path = ImageMediaItem.swift; sourceTree = "<group>"; };
		CBB744F5290DA4C3007ACB63 /* DatabaseRepresentation.swift */ = {isa = PBXFileReference; lastKnownFileType = sourcecode.swift; path = DatabaseRepresentation.swift; sourceTree = "<group>"; };
		CBBB2061290E6E13004128BE /* ChannelTableViewCell.swift */ = {isa = PBXFileReference; lastKnownFileType = sourcecode.swift; path = ChannelTableViewCell.swift; sourceTree = "<group>"; };
/* End PBXFileReference section */

/* Begin PBXFrameworksBuildPhase section */
		CBABD0F0290D8847000FB02A /* Frameworks */ = {
			isa = PBXFrameworksBuildPhase;
			buildActionMask = 2147483647;
			files = (
				CBABD10C290D88B4000FB02A /* MessageKit in Frameworks */,
				CBABD136290D8EDF000FB02A /* Then in Frameworks */,
				CBABD113290D8926000FB02A /* FirebaseStorage in Frameworks */,
				CB87BCD9290E685400485216 /* FirebaseFirestoreSwift in Frameworks */,
				CBABD133290D8DD1000FB02A /* SnapKit in Frameworks */,
				CBABD10F290D8926000FB02A /* FirebaseAuth in Frameworks */,
				CBABD111290D8926000FB02A /* FirebaseFirestore in Frameworks */,
			);
			runOnlyForDeploymentPostprocessing = 0;
		};
/* End PBXFrameworksBuildPhase section */

/* Begin PBXGroup section */
		CB87BCB6290E619000485216 /* Base */ = {
			isa = PBXGroup;
			children = (
				CB87BCBC290E61E000485216 /* BaseViewController.swift */,
				CB87BCBE290E61F000485216 /* BaseCollectionViewCell.swift */,
				CB87BCC0290E61FF00485216 /* BaseTableViewCell.swift */,
			);
			path = Base;
			sourceTree = "<group>";
		};
		CB87BCB7290E619400485216 /* Literal */ = {
			isa = PBXGroup;
			children = (
				CB87BCBA290E61C500485216 /* ImageLiteral.swift */,
			);
			path = Literal;
			sourceTree = "<group>";
		};
		CB87BCB8290E61A400485216 /* UIComponent */ = {
			isa = PBXGroup;
			children = (
				CB87BCCA290E638800485216 /* BackButton.swift */,
			);
			path = UIComponent;
			sourceTree = "<group>";
		};
		CB87BCB9290E61AF00485216 /* Protocol */ = {
			isa = PBXGroup;
			children = (
			);
			path = Protocol;
			sourceTree = "<group>";
		};
		CB87BCCC290E639700485216 /* Utils */ = {
			isa = PBXGroup;
			children = (
				CB87BCCD290E63A200485216 /* Logger.swift */,
				CB87BCCF290E63B200485216 /* PushNotificationSender.swift */,
				CB87BCD4290E646D00485216 /* FirebaseManager.swift */,
			);
			path = Utils;
			sourceTree = "<group>";
		};
		CB87BCD1290E63EF00485216 /* SignUp */ = {
			isa = PBXGroup;
			children = (
				CB87BCD2290E640D00485216 /* SignUpViewController.swift */,
			);
			path = SignUp;
			sourceTree = "<group>";
		};
		CBABD0EA290D8847000FB02A = {
			isa = PBXGroup;
			children = (
				CBABD0F5290D8847000FB02A /* CobyTalk */,
				CBABD0F4290D8847000FB02A /* Products */,
				CBABD134290D8EDF000FB02A /* Frameworks */,
			);
			sourceTree = "<group>";
		};
		CBABD0F4290D8847000FB02A /* Products */ = {
			isa = PBXGroup;
			children = (
				CBABD0F3290D8847000FB02A /* CobyTalk.app */,
			);
			name = Products;
			sourceTree = "<group>";
		};
		CBABD0F5290D8847000FB02A /* CobyTalk */ = {
			isa = PBXGroup;
			children = (
				CBABD116290D8966000FB02A /* Network */,
				CBABD114290D894E000FB02A /* Global */,
				CBABD115290D8954000FB02A /* Screens */,
			);
			path = CobyTalk;
			sourceTree = "<group>";
		};
		CBABD114290D894E000FB02A /* Global */ = {
			isa = PBXGroup;
			children = (
				CB87BCCC290E639700485216 /* Utils */,
				CB87BCB9290E61AF00485216 /* Protocol */,
				CB87BCB8290E61A400485216 /* UIComponent */,
				CB87BCB7290E619400485216 /* Literal */,
				CB87BCB6290E619000485216 /* Base */,
				CBABD11A290D89FB000FB02A /* Supports */,
				CBABD119290D89F4000FB02A /* Resource */,
				CBABD118290D89A9000FB02A /* Extensions */,
			);
			path = Global;
			sourceTree = "<group>";
		};
		CBABD115290D8954000FB02A /* Screens */ = {
			isa = PBXGroup;
			children = (
				CBABD11F290D8AC8000FB02A /* Login */,
				CB87BCD1290E63EF00485216 /* SignUp */,
				CBABD120290D8AD1000FB02A /* Channels */,
				CBABD129290D8B83000FB02A /* Chat */,
			);
			path = Screens;
			sourceTree = "<group>";
		};
		CBABD116290D8966000FB02A /* Network */ = {
			isa = PBXGroup;
			children = (
				CBABD117290D8975000FB02A /* Models */,
				CBB744F3290DA4AE007ACB63 /* ImageMediaItem.swift */,
				CBB744F5290DA4C3007ACB63 /* DatabaseRepresentation.swift */,
			);
			path = Network;
			sourceTree = "<group>";
		};
		CBABD117290D8975000FB02A /* Models */ = {
			isa = PBXGroup;
			children = (
				CBB744EA290DA3DA007ACB63 /* Channel.swift */,
				CBB744EC290DA3F8007ACB63 /* Message.swift */,
				CBB744EE290DA412007ACB63 /* Sender.swift */,
				CB87BCD6290E649100485216 /* User.swift */,
			);
			path = Models;
			sourceTree = "<group>";
		};
		CBABD118290D89A9000FB02A /* Extensions */ = {
			isa = PBXGroup;
			children = (
				CBABD123290D8B16000FB02A /* UIColor+Extension.swift */,
				CB87BCC6290E62C100485216 /* UIViewController+Extension.swift */,
				CBABD127290D8B52000FB02A /* UIView+Extension.swift */,
				CBABD121290D8AE9000FB02A /* UICollectionView+Extension.swift */,
				CB87BCC4290E62AE00485216 /* UITableView+Extension.swift */,
				CBABD125290D8B42000FB02A /* UIImage+Extension.swift */,
				CB87BCC8290E635300485216 /* UILabel+Extension.swift */,
				CB87BCC2290E629C00485216 /* NSObject+Extension.swift */,
			);
			path = Extensions;
			sourceTree = "<group>";
		};
		CBABD119290D89F4000FB02A /* Resource */ = {
			isa = PBXGroup;
			children = (
				CBABD0FF290D8849000FB02A /* Assets.xcassets */,
				CBABD101290D8849000FB02A /* LaunchScreen.storyboard */,
			);
			path = Resource;
			sourceTree = "<group>";
		};
		CBABD11A290D89FB000FB02A /* Supports */ = {
			isa = PBXGroup;
			children = (
				CBABD0F6290D8847000FB02A /* AppDelegate.swift */,
				CBABD0F8290D8847000FB02A /* SceneDelegate.swift */,
				CBABD11B290D8A8F000FB02A /* AppController.swift */,
				CBABD11D290D8AA8000FB02A /* AppSettings.swift */,
				CBABD104290D8849000FB02A /* Info.plist */,
				CBB744E8290D9353007ACB63 /* GoogleService-Info.plist */,
			);
			path = Supports;
			sourceTree = "<group>";
		};
		CBABD11F290D8AC8000FB02A /* Login */ = {
			isa = PBXGroup;
			children = (
				CBABD12A290D8B9F000FB02A /* LogInViewController.swift */,
			);
			path = Login;
			sourceTree = "<group>";
		};
		CBABD120290D8AD1000FB02A /* Channels */ = {
			isa = PBXGroup;
			children = (
				CBBB2060290E6E03004128BE /* Cell */,
				CBABD12C290D8BAF000FB02A /* ChannelsViewController.swift */,
			);
			path = Channels;
			sourceTree = "<group>";
		};
		CBABD129290D8B83000FB02A /* Chat */ = {
			isa = PBXGroup;
			children = (
				CBABD0FA290D8847000FB02A /* ChatViewController.swift */,
			);
			path = Chat;
			sourceTree = "<group>";
		};
		CBABD134290D8EDF000FB02A /* Frameworks */ = {
			isa = PBXGroup;
			children = (
			);
			name = Frameworks;
			sourceTree = "<group>";
		};
		CBBB2060290E6E03004128BE /* Cell */ = {
			isa = PBXGroup;
			children = (
				CBBB2061290E6E13004128BE /* ChannelTableViewCell.swift */,
			);
			path = Cell;
			sourceTree = "<group>";
		};
/* End PBXGroup section */

/* Begin PBXNativeTarget section */
		CBABD0F2290D8847000FB02A /* CobyTalk */ = {
			isa = PBXNativeTarget;
			buildConfigurationList = CBABD107290D8849000FB02A /* Build configuration list for PBXNativeTarget "CobyTalk" */;
			buildPhases = (
				CBABD0EF290D8847000FB02A /* Sources */,
				CBABD0F0290D8847000FB02A /* Frameworks */,
				CBABD0F1290D8847000FB02A /* Resources */,
			);
			buildRules = (
			);
			dependencies = (
			);
			name = CobyTalk;
			packageProductDependencies = (
				CBABD10B290D88B4000FB02A /* MessageKit */,
				CBABD10E290D8926000FB02A /* FirebaseAuth */,
				CBABD110290D8926000FB02A /* FirebaseFirestore */,
				CBABD112290D8926000FB02A /* FirebaseStorage */,
				CBABD132290D8DD1000FB02A /* SnapKit */,
				CBABD135290D8EDF000FB02A /* Then */,
				CB87BCD8290E685400485216 /* FirebaseFirestoreSwift */,
			);
			productName = CobyTalk;
			productReference = CBABD0F3290D8847000FB02A /* CobyTalk.app */;
			productType = "com.apple.product-type.application";
		};
/* End PBXNativeTarget section */

/* Begin PBXProject section */
		CBABD0EB290D8847000FB02A /* Project object */ = {
			isa = PBXProject;
			attributes = {
				BuildIndependentTargetsInParallel = 1;
				LastSwiftUpdateCheck = 1400;
				LastUpgradeCheck = 1400;
				TargetAttributes = {
					CBABD0F2290D8847000FB02A = {
						CreatedOnToolsVersion = 14.0.1;
					};
				};
			};
			buildConfigurationList = CBABD0EE290D8847000FB02A /* Build configuration list for PBXProject "CobyTalk" */;
			compatibilityVersion = "Xcode 14.0";
			developmentRegion = en;
			hasScannedForEncodings = 0;
			knownRegions = (
				en,
				Base,
			);
			mainGroup = CBABD0EA290D8847000FB02A;
			packageReferences = (
				CBABD10A290D88B4000FB02A /* XCRemoteSwiftPackageReference "MessageKit" */,
				CBABD10D290D8926000FB02A /* XCRemoteSwiftPackageReference "firebase-ios-sdk" */,
				CBABD12E290D8D92000FB02A /* XCRemoteSwiftPackageReference "Then" */,
				CBABD131290D8DD1000FB02A /* XCRemoteSwiftPackageReference "SnapKit" */,
			);
			productRefGroup = CBABD0F4290D8847000FB02A /* Products */;
			projectDirPath = "";
			projectRoot = "";
			targets = (
				CBABD0F2290D8847000FB02A /* CobyTalk */,
			);
		};
/* End PBXProject section */

/* Begin PBXResourcesBuildPhase section */
		CBABD0F1290D8847000FB02A /* Resources */ = {
			isa = PBXResourcesBuildPhase;
			buildActionMask = 2147483647;
			files = (
				CBABD103290D8849000FB02A /* LaunchScreen.storyboard in Resources */,
				CBABD100290D8849000FB02A /* Assets.xcassets in Resources */,
				CBB744E9290D9354007ACB63 /* GoogleService-Info.plist in Resources */,
			);
			runOnlyForDeploymentPostprocessing = 0;
		};
/* End PBXResourcesBuildPhase section */

/* Begin PBXSourcesBuildPhase section */
		CBABD0EF290D8847000FB02A /* Sources */ = {
			isa = PBXSourcesBuildPhase;
			buildActionMask = 2147483647;
			files = (
				CB87BCC7290E62C100485216 /* UIViewController+Extension.swift in Sources */,
				CBABD128290D8B52000FB02A /* UIView+Extension.swift in Sources */,
				CBBB2062290E6E13004128BE /* ChannelTableViewCell.swift in Sources */,
				CBB744F4290DA4AE007ACB63 /* ImageMediaItem.swift in Sources */,
				CBB744EB290DA3DA007ACB63 /* Channel.swift in Sources */,
				CB87BCD7290E649100485216 /* User.swift in Sources */,
				CB87BCCE290E63A200485216 /* Logger.swift in Sources */,
				CBABD0FB290D8847000FB02A /* ChatViewController.swift in Sources */,
				CB87BCC1290E61FF00485216 /* BaseTableViewCell.swift in Sources */,
				CB87BCBD290E61E000485216 /* BaseViewController.swift in Sources */,
				CB87BCBF290E61F000485216 /* BaseCollectionViewCell.swift in Sources */,
				CBABD0F7290D8847000FB02A /* AppDelegate.swift in Sources */,
				CBABD122290D8AE9000FB02A /* UICollectionView+Extension.swift in Sources */,
				CBABD0F9290D8847000FB02A /* SceneDelegate.swift in Sources */,
				CB87BCD5290E646D00485216 /* FirebaseManager.swift in Sources */,
				CBABD12D290D8BAF000FB02A /* ChannelsViewController.swift in Sources */,
				CBB744F6290DA4C3007ACB63 /* DatabaseRepresentation.swift in Sources */,
				CB87BCD0290E63B200485216 /* PushNotificationSender.swift in Sources */,
				CB87BCD3290E640D00485216 /* SignUpViewController.swift in Sources */,
				CBABD11E290D8AA8000FB02A /* AppSettings.swift in Sources */,
				CBB744EF290DA412007ACB63 /* Sender.swift in Sources */,
				CB87BCC3290E629C00485216 /* NSObject+Extension.swift in Sources */,
				CB87BCC9290E635300485216 /* UILabel+Extension.swift in Sources */,
				CBABD126290D8B42000FB02A /* UIImage+Extension.swift in Sources */,
				CB87BCC5290E62AE00485216 /* UITableView+Extension.swift in Sources */,
				CB87BCBB290E61C500485216 /* ImageLiteral.swift in Sources */,
				CBB744ED290DA3F8007ACB63 /* Message.swift in Sources */,
				CBABD11C290D8A8F000FB02A /* AppController.swift in Sources */,
				CBABD12B290D8B9F000FB02A /* LogInViewController.swift in Sources */,
				CB87BCCB290E638800485216 /* BackButton.swift in Sources */,
				CBABD124290D8B16000FB02A /* UIColor+Extension.swift in Sources */,
			);
			runOnlyForDeploymentPostprocessing = 0;
		};
/* End PBXSourcesBuildPhase section */

/* Begin PBXVariantGroup section */
		CBABD101290D8849000FB02A /* LaunchScreen.storyboard */ = {
			isa = PBXVariantGroup;
			children = (
				CBABD102290D8849000FB02A /* Base */,
			);
			name = LaunchScreen.storyboard;
			sourceTree = "<group>";
		};
/* End PBXVariantGroup section */

/* Begin XCBuildConfiguration section */
		CBABD105290D8849000FB02A /* Debug */ = {
			isa = XCBuildConfiguration;
			buildSettings = {
				ALWAYS_SEARCH_USER_PATHS = NO;
				CLANG_ANALYZER_NONNULL = YES;
				CLANG_ANALYZER_NUMBER_OBJECT_CONVERSION = YES_AGGRESSIVE;
				CLANG_CXX_LANGUAGE_STANDARD = "gnu++20";
				CLANG_ENABLE_MODULES = YES;
				CLANG_ENABLE_OBJC_ARC = YES;
				CLANG_ENABLE_OBJC_WEAK = YES;
				CLANG_WARN_BLOCK_CAPTURE_AUTORELEASING = YES;
				CLANG_WARN_BOOL_CONVERSION = YES;
				CLANG_WARN_COMMA = YES;
				CLANG_WARN_CONSTANT_CONVERSION = YES;
				CLANG_WARN_DEPRECATED_OBJC_IMPLEMENTATIONS = YES;
				CLANG_WARN_DIRECT_OBJC_ISA_USAGE = YES_ERROR;
				CLANG_WARN_DOCUMENTATION_COMMENTS = YES;
				CLANG_WARN_EMPTY_BODY = YES;
				CLANG_WARN_ENUM_CONVERSION = YES;
				CLANG_WARN_INFINITE_RECURSION = YES;
				CLANG_WARN_INT_CONVERSION = YES;
				CLANG_WARN_NON_LITERAL_NULL_CONVERSION = YES;
				CLANG_WARN_OBJC_IMPLICIT_RETAIN_SELF = YES;
				CLANG_WARN_OBJC_LITERAL_CONVERSION = YES;
				CLANG_WARN_OBJC_ROOT_CLASS = YES_ERROR;
				CLANG_WARN_QUOTED_INCLUDE_IN_FRAMEWORK_HEADER = YES;
				CLANG_WARN_RANGE_LOOP_ANALYSIS = YES;
				CLANG_WARN_STRICT_PROTOTYPES = YES;
				CLANG_WARN_SUSPICIOUS_MOVE = YES;
				CLANG_WARN_UNGUARDED_AVAILABILITY = YES_AGGRESSIVE;
				CLANG_WARN_UNREACHABLE_CODE = YES;
				CLANG_WARN__DUPLICATE_METHOD_MATCH = YES;
				COPY_PHASE_STRIP = NO;
				DEBUG_INFORMATION_FORMAT = dwarf;
				ENABLE_STRICT_OBJC_MSGSEND = YES;
				ENABLE_TESTABILITY = YES;
				GCC_C_LANGUAGE_STANDARD = gnu11;
				GCC_DYNAMIC_NO_PIC = NO;
				GCC_NO_COMMON_BLOCKS = YES;
				GCC_OPTIMIZATION_LEVEL = 0;
				GCC_PREPROCESSOR_DEFINITIONS = (
					"DEBUG=1",
					"$(inherited)",
				);
				GCC_WARN_64_TO_32_BIT_CONVERSION = YES;
				GCC_WARN_ABOUT_RETURN_TYPE = YES_ERROR;
				GCC_WARN_UNDECLARED_SELECTOR = YES;
				GCC_WARN_UNINITIALIZED_AUTOS = YES_AGGRESSIVE;
				GCC_WARN_UNUSED_FUNCTION = YES;
				GCC_WARN_UNUSED_VARIABLE = YES;
				IPHONEOS_DEPLOYMENT_TARGET = 16.0;
				MTL_ENABLE_DEBUG_INFO = INCLUDE_SOURCE;
				MTL_FAST_MATH = YES;
				ONLY_ACTIVE_ARCH = YES;
				SDKROOT = iphoneos;
				SWIFT_ACTIVE_COMPILATION_CONDITIONS = DEBUG;
				SWIFT_OPTIMIZATION_LEVEL = "-Onone";
			};
			name = Debug;
		};
		CBABD106290D8849000FB02A /* Release */ = {
			isa = XCBuildConfiguration;
			buildSettings = {
				ALWAYS_SEARCH_USER_PATHS = NO;
				CLANG_ANALYZER_NONNULL = YES;
				CLANG_ANALYZER_NUMBER_OBJECT_CONVERSION = YES_AGGRESSIVE;
				CLANG_CXX_LANGUAGE_STANDARD = "gnu++20";
				CLANG_ENABLE_MODULES = YES;
				CLANG_ENABLE_OBJC_ARC = YES;
				CLANG_ENABLE_OBJC_WEAK = YES;
				CLANG_WARN_BLOCK_CAPTURE_AUTORELEASING = YES;
				CLANG_WARN_BOOL_CONVERSION = YES;
				CLANG_WARN_COMMA = YES;
				CLANG_WARN_CONSTANT_CONVERSION = YES;
				CLANG_WARN_DEPRECATED_OBJC_IMPLEMENTATIONS = YES;
				CLANG_WARN_DIRECT_OBJC_ISA_USAGE = YES_ERROR;
				CLANG_WARN_DOCUMENTATION_COMMENTS = YES;
				CLANG_WARN_EMPTY_BODY = YES;
				CLANG_WARN_ENUM_CONVERSION = YES;
				CLANG_WARN_INFINITE_RECURSION = YES;
				CLANG_WARN_INT_CONVERSION = YES;
				CLANG_WARN_NON_LITERAL_NULL_CONVERSION = YES;
				CLANG_WARN_OBJC_IMPLICIT_RETAIN_SELF = YES;
				CLANG_WARN_OBJC_LITERAL_CONVERSION = YES;
				CLANG_WARN_OBJC_ROOT_CLASS = YES_ERROR;
				CLANG_WARN_QUOTED_INCLUDE_IN_FRAMEWORK_HEADER = YES;
				CLANG_WARN_RANGE_LOOP_ANALYSIS = YES;
				CLANG_WARN_STRICT_PROTOTYPES = YES;
				CLANG_WARN_SUSPICIOUS_MOVE = YES;
				CLANG_WARN_UNGUARDED_AVAILABILITY = YES_AGGRESSIVE;
				CLANG_WARN_UNREACHABLE_CODE = YES;
				CLANG_WARN__DUPLICATE_METHOD_MATCH = YES;
				COPY_PHASE_STRIP = NO;
				DEBUG_INFORMATION_FORMAT = "dwarf-with-dsym";
				ENABLE_NS_ASSERTIONS = NO;
				ENABLE_STRICT_OBJC_MSGSEND = YES;
				GCC_C_LANGUAGE_STANDARD = gnu11;
				GCC_NO_COMMON_BLOCKS = YES;
				GCC_WARN_64_TO_32_BIT_CONVERSION = YES;
				GCC_WARN_ABOUT_RETURN_TYPE = YES_ERROR;
				GCC_WARN_UNDECLARED_SELECTOR = YES;
				GCC_WARN_UNINITIALIZED_AUTOS = YES_AGGRESSIVE;
				GCC_WARN_UNUSED_FUNCTION = YES;
				GCC_WARN_UNUSED_VARIABLE = YES;
				IPHONEOS_DEPLOYMENT_TARGET = 16.0;
				MTL_ENABLE_DEBUG_INFO = NO;
				MTL_FAST_MATH = YES;
				SDKROOT = iphoneos;
				SWIFT_COMPILATION_MODE = wholemodule;
				SWIFT_OPTIMIZATION_LEVEL = "-O";
				VALIDATE_PRODUCT = YES;
			};
			name = Release;
		};
		CBABD108290D8849000FB02A /* Debug */ = {
			isa = XCBuildConfiguration;
			buildSettings = {
				ASSETCATALOG_COMPILER_APPICON_NAME = AppIcon;
				ASSETCATALOG_COMPILER_GLOBAL_ACCENT_COLOR_NAME = AccentColor;
				CODE_SIGN_STYLE = Automatic;
				CURRENT_PROJECT_VERSION = 1;
				DEVELOPMENT_TEAM = 3Y8YH8GWMM;
				GENERATE_INFOPLIST_FILE = YES;
				INFOPLIST_FILE = CobyTalk/Global/Supports/Info.plist;
				INFOPLIST_KEY_UIApplicationSupportsIndirectInputEvents = YES;
				INFOPLIST_KEY_UILaunchStoryboardName = LaunchScreen;
				INFOPLIST_KEY_UIStatusBarStyle = UIStatusBarStyleLightContent;
				INFOPLIST_KEY_UISupportedInterfaceOrientations_iPad = "UIInterfaceOrientationPortrait UIInterfaceOrientationPortraitUpsideDown UIInterfaceOrientationLandscapeLeft UIInterfaceOrientationLandscapeRight";
				INFOPLIST_KEY_UISupportedInterfaceOrientations_iPhone = "UIInterfaceOrientationPortrait UIInterfaceOrientationLandscapeLeft UIInterfaceOrientationLandscapeRight";
				IPHONEOS_DEPLOYMENT_TARGET = 14.0;
				LD_RUNPATH_SEARCH_PATHS = (
					"$(inherited)",
					"@executable_path/Frameworks",
				);
				MARKETING_VERSION = 1.0;
				PRODUCT_BUNDLE_IDENTIFIER = com.coby5502.CobyTalk;
				PRODUCT_NAME = "$(TARGET_NAME)";
				SWIFT_EMIT_LOC_STRINGS = YES;
				SWIFT_VERSION = 5.0;
				TARGETED_DEVICE_FAMILY = "1,2";
			};
			name = Debug;
		};
		CBABD109290D8849000FB02A /* Release */ = {
			isa = XCBuildConfiguration;
			buildSettings = {
				ASSETCATALOG_COMPILER_APPICON_NAME = AppIcon;
				ASSETCATALOG_COMPILER_GLOBAL_ACCENT_COLOR_NAME = AccentColor;
				CODE_SIGN_STYLE = Automatic;
				CURRENT_PROJECT_VERSION = 1;
				DEVELOPMENT_TEAM = 3Y8YH8GWMM;
				GENERATE_INFOPLIST_FILE = YES;
				INFOPLIST_FILE = CobyTalk/Global/Supports/Info.plist;
				INFOPLIST_KEY_UIApplicationSupportsIndirectInputEvents = YES;
				INFOPLIST_KEY_UILaunchStoryboardName = LaunchScreen;
				INFOPLIST_KEY_UIStatusBarStyle = UIStatusBarStyleLightContent;
				INFOPLIST_KEY_UISupportedInterfaceOrientations_iPad = "UIInterfaceOrientationPortrait UIInterfaceOrientationPortraitUpsideDown UIInterfaceOrientationLandscapeLeft UIInterfaceOrientationLandscapeRight";
				INFOPLIST_KEY_UISupportedInterfaceOrientations_iPhone = "UIInterfaceOrientationPortrait UIInterfaceOrientationLandscapeLeft UIInterfaceOrientationLandscapeRight";
				IPHONEOS_DEPLOYMENT_TARGET = 14.0;
				LD_RUNPATH_SEARCH_PATHS = (
					"$(inherited)",
					"@executable_path/Frameworks",
				);
				MARKETING_VERSION = 1.0;
				PRODUCT_BUNDLE_IDENTIFIER = com.coby5502.CobyTalk;
				PRODUCT_NAME = "$(TARGET_NAME)";
				SWIFT_EMIT_LOC_STRINGS = YES;
				SWIFT_VERSION = 5.0;
				TARGETED_DEVICE_FAMILY = "1,2";
			};
			name = Release;
		};
/* End XCBuildConfiguration section */

/* Begin XCConfigurationList section */
		CBABD0EE290D8847000FB02A /* Build configuration list for PBXProject "CobyTalk" */ = {
			isa = XCConfigurationList;
			buildConfigurations = (
				CBABD105290D8849000FB02A /* Debug */,
				CBABD106290D8849000FB02A /* Release */,
			);
			defaultConfigurationIsVisible = 0;
			defaultConfigurationName = Release;
		};
		CBABD107290D8849000FB02A /* Build configuration list for PBXNativeTarget "CobyTalk" */ = {
			isa = XCConfigurationList;
			buildConfigurations = (
				CBABD108290D8849000FB02A /* Debug */,
				CBABD109290D8849000FB02A /* Release */,
			);
			defaultConfigurationIsVisible = 0;
			defaultConfigurationName = Release;
		};
/* End XCConfigurationList section */

/* Begin XCRemoteSwiftPackageReference section */
		CBABD10A290D88B4000FB02A /* XCRemoteSwiftPackageReference "MessageKit" */ = {
			isa = XCRemoteSwiftPackageReference;
			repositoryURL = "https://github.com/MessageKit/MessageKit";
			requirement = {
				kind = upToNextMajorVersion;
				minimumVersion = 4.0.0;
			};
		};
		CBABD10D290D8926000FB02A /* XCRemoteSwiftPackageReference "firebase-ios-sdk" */ = {
			isa = XCRemoteSwiftPackageReference;
			repositoryURL = "https://github.com/firebase/firebase-ios-sdk.git";
			requirement = {
				kind = upToNextMajorVersion;
				minimumVersion = 9.0.0;
			};
		};
		CBABD12E290D8D92000FB02A /* XCRemoteSwiftPackageReference "Then" */ = {
			isa = XCRemoteSwiftPackageReference;
			repositoryURL = "https://github.com/devxoul/Then.git";
			requirement = {
				branch = master;
				kind = branch;
			};
		};
		CBABD131290D8DD1000FB02A /* XCRemoteSwiftPackageReference "SnapKit" */ = {
			isa = XCRemoteSwiftPackageReference;
			repositoryURL = "https://github.com/SnapKit/SnapKit.git";
			requirement = {
				branch = develop;
				kind = branch;
			};
		};
/* End XCRemoteSwiftPackageReference section */

/* Begin XCSwiftPackageProductDependency section */
		CB87BCD8290E685400485216 /* FirebaseFirestoreSwift */ = {
			isa = XCSwiftPackageProductDependency;
			package = CBABD10D290D8926000FB02A /* XCRemoteSwiftPackageReference "firebase-ios-sdk" */;
			productName = FirebaseFirestoreSwift;
		};
		CBABD10B290D88B4000FB02A /* MessageKit */ = {
			isa = XCSwiftPackageProductDependency;
			package = CBABD10A290D88B4000FB02A /* XCRemoteSwiftPackageReference "MessageKit" */;
			productName = MessageKit;
		};
		CBABD10E290D8926000FB02A /* FirebaseAuth */ = {
			isa = XCSwiftPackageProductDependency;
			package = CBABD10D290D8926000FB02A /* XCRemoteSwiftPackageReference "firebase-ios-sdk" */;
			productName = FirebaseAuth;
		};
		CBABD110290D8926000FB02A /* FirebaseFirestore */ = {
			isa = XCSwiftPackageProductDependency;
			package = CBABD10D290D8926000FB02A /* XCRemoteSwiftPackageReference "firebase-ios-sdk" */;
			productName = FirebaseFirestore;
		};
		CBABD112290D8926000FB02A /* FirebaseStorage */ = {
			isa = XCSwiftPackageProductDependency;
			package = CBABD10D290D8926000FB02A /* XCRemoteSwiftPackageReference "firebase-ios-sdk" */;
			productName = FirebaseStorage;
		};
		CBABD132290D8DD1000FB02A /* SnapKit */ = {
			isa = XCSwiftPackageProductDependency;
			package = CBABD131290D8DD1000FB02A /* XCRemoteSwiftPackageReference "SnapKit" */;
			productName = SnapKit;
		};
		CBABD135290D8EDF000FB02A /* Then */ = {
			isa = XCSwiftPackageProductDependency;
			package = CBABD12E290D8D92000FB02A /* XCRemoteSwiftPackageReference "Then" */;
			productName = Then;
		};
/* End XCSwiftPackageProductDependency section */
	};
	rootObject = CBABD0EB290D8847000FB02A /* Project object */;
}
